
Microsoft Visual Studio Solution File, Format Version 12.00
# Visual Studio Version 17
VisualStudioVersion = 17.9.34728.123
MinimumVisualStudioVersion = 10.0.40219.1
Project("{9A19103F-16F7-4668-BE54-9A1E7A4F7556}") = "API", "API\API.csproj", "{4F2A45F4-68B2-41C9-AB42-80DDE56CA547}"
EndProject
Project("{FAE04EC0-301F-11D3-BF4B-00C04F79EFBC}") = "UnitTest", "UnitTest\UnitTest.csproj", "{306A0CE4-09B1-4DEE-AA59-97E5469998E9}"
EndProject
Global
	GlobalSection(SolutionConfigurationPlatforms) = preSolution
		Debug|Any CPU = Debug|Any CPU
		Release|Any CPU = Release|Any CPU
	EndGlobalSection
	GlobalSection(ProjectConfigurationPlatforms) = postSolution
		{4F2A45F4-68B2-41C9-AB42-80DDE56CA547}.Debug|Any CPU.ActiveCfg = Debug|Any CPU
		{4F2A45F4-68B2-41C9-AB42-80DDE56CA547}.Debug|Any CPU.Build.0 = Debug|Any CPU
		{4F2A45F4-68B2-41C9-AB42-80DDE56CA547}.Release|Any CPU.ActiveCfg = Release|Any CPU
		{4F2A45F4-68B2-41C9-AB42-80DDE56CA547}.Release|Any CPU.Build.0 = Release|Any CPU
		{306A0CE4-09B1-4DEE-AA59-97E5469998E9}.Debug|Any CPU.ActiveCfg = Debug|Any CPU
		{306A0CE4-09B1-4DEE-AA59-97E5469998E9}.Debug|Any CPU.Build.0 = Debug|Any CPU
		{306A0CE4-09B1-4DEE-AA59-97E5469998E9}.Release|Any CPU.ActiveCfg = Release|Any CPU
		{306A0CE4-09B1-4DEE-AA59-97E5469998E9}.Release|Any CPU.Build.0 = Release|Any CPU
	EndGlobalSection
	GlobalSection(SolutionProperties) = preSolution
		HideSolutionNode = FALSE
	EndGlobalSection
	GlobalSection(ExtensibilityGlobals) = postSolution
		SolutionGuid = {BD532FB6-F4D6-464F-A3B8-FCDDAB2DB95A}
	EndGlobalSection
EndGlobal
